Microsoft Visual Studio Solution File, Format Version 12.00
# Visual Studio Version 17
VisualStudioVersion = 17.10.35122.118
MinimumVisualStudioVersion = 10.0.40219.1
Project("{FAE04EC0-301F-11D3-BF4B-00C04F79EFBC}") = "AspireReact.AppHost", "AspireReact.AppHost\AspireReact.AppHost.csproj", "{EFA963D6-7657-4A51-93E0-11DA8D0BCF6B}"
EndProject
Project("{9A19103F-16F7-4668-BE54-9A1E7A4F7556}") = "AspireReact.ServiceDefaults", "AspireReact.ServiceDefaults\AspireReact.ServiceDefaults.csproj", "{47751C07-F93E-46CB-958A-1C58DD77AC8B}"
EndProject
Project("{9A19103F-16F7-4668-BE54-9A1E7A4F7556}") = "AspireReact.ApiService", "AspireReact.ApiService\AspireReact.ApiService.csproj", "{3B5A8FFF-F578-4BCE-8CB8-127DDBBC576F}"
EndProject
Global
	GlobalSection(SolutionConfigurationPlatforms) = preSolution
		Debug|Any CPU = Debug|Any CPU
		Release|Any CPU = Release|Any CPU
	EndGlobalSection
	GlobalSection(ProjectConfigurationPlatforms) = postSolution
		{EFA963D6-7657-4A51-93E0-11DA8D0BCF6B}.Debug|Any CPU.ActiveCfg = Debug|Any CPU
		{EFA963D6-7657-4A51-93E0-11DA8D0BCF6B}.Debug|Any CPU.Build.0 = Debug|Any CPU
		{EFA963D6-7657-4A51-93E0-11DA8D0BCF6B}.Release|Any CPU.ActiveCfg = Release|Any CPU
		{EFA963D6-7657-4A51-93E0-11DA8D0BCF6B}.Release|Any CPU.Build.0 = Release|Any CPU
		{47751C07-F93E-46CB-958A-1C58DD77AC8B}.Debug|Any CPU.ActiveCfg = Debug|Any CPU
		{47751C07-F93E-46CB-958A-1C58DD77AC8B}.Debug|Any CPU.Build.0 = Debug|Any CPU
		{47751C07-F93E-46CB-958A-1C58DD77AC8B}.Release|Any CPU.ActiveCfg = Release|Any CPU
		{47751C07-F93E-46CB-958A-1C58DD77AC8B}.Release|Any CPU.Build.0 = Release|Any CPU
		{3B5A8FFF-F578-4BCE-8CB8-127DDBBC576F}.Debug|Any CPU.ActiveCfg = Debug|Any CPU
		{3B5A8FFF-F578-4BCE-8CB8-127DDBBC576F}.Debug|Any CPU.Build.0 = Debug|Any CPU
		{3B5A8FFF-F578-4BCE-8CB8-127DDBBC576F}.Release|Any CPU.ActiveCfg = Release|Any CPU
		{3B5A8FFF-F578-4BCE-8CB8-127DDBBC576F}.Release|Any CPU.Build.0 = Release|Any CPU
	EndGlobalSection
	GlobalSection(SolutionProperties) = preSolution
		HideSolutionNode = FALSE
	EndGlobalSection
	GlobalSection(ExtensibilityGlobals) = postSolution
		SolutionGuid = {F7199950-2BC4-40DB-84E8-B64F30BC44C9}
	EndGlobalSection
EndGlobal
